// !$*UTF8*$!
{
	archiveVersion = 1;
	classes = {
	};
	objectVersion = 46;
	objects = {

/* Begin PBXBuildFile section */
		340949DB1C23270500C0146C /* AppDelegate.swift in Sources */ = {isa = PBXBuildFile; fileRef = 340949DA1C23270500C0146C /* AppDelegate.swift */; };
		340949DD1C23270500C0146C /* ViewController.swift in Sources */ = {isa = PBXBuildFile; fileRef = 340949DC1C23270500C0146C /* ViewController.swift */; };
		340949E01C23270500C0146C /* Main.storyboard in Resources */ = {isa = PBXBuildFile; fileRef = 340949DE1C23270500C0146C /* Main.storyboard */; };
		340949E21C23270500C0146C /* Assets.xcassets in Resources */ = {isa = PBXBuildFile; fileRef = 340949E11C23270500C0146C /* Assets.xcassets */; };
		340949E51C23270500C0146C /* LaunchScreen.storyboard in Resources */ = {isa = PBXBuildFile; fileRef = 340949E31C23270500C0146C /* LaunchScreen.storyboard */; };
/* End PBXBuildFile section */

/* Begin PBXFileReference section */
		340949D71C23270500C0146C /* mixfont.app */ = {isa = PBXFileReference; explicitFileType = wrapper.application; includeInIndex = 0; path = mixfont.app; sourceTree = BUILT_PRODUCTS_DIR; };
		340949DA1C23270500C0146C /* AppDelegate.swift */ = {isa = PBXFileReference; lastKnownFileType = sourcecode.swift; path = AppDelegate.swift; sourceTree = "<group>"; };
		340949DC1C23270500C0146C /* ViewController.swift */ = {isa = PBXFileReference; lastKnownFileType = sourcecode.swift; path = ViewController.swift; sourceTree = "<group>"; };
		340949DF1C23270500C0146C /* Base */ = {isa = PBXFileReference; lastKnownFileType = file.storyboard; name = Base; path = Base.lproj/Main.storyboard; sourceTree = "<group>"; };
		340949E11C23270500C0146C /* Assets.xcassets */ = {isa = PBXFileReference; lastKnownFileType = folder.assetcatalog; path = Assets.xcassets; sourceTree = "<group>"; };
		340949E41C23270500C0146C /* Base */ = {isa = PBXFileReference; lastKnownFileType = file.storyboard; name = Base; path = Base.lproj/LaunchScreen.storyboard; sourceTree = "<group>"; };
		340949E61C23270500C0146C /* Info.plist */ = {isa = PBXFileReference; lastKnownFileType = text.plist.xml; path = Info.plist; sourceTree = "<group>"; };
/* End PBXFileReference section */

/* Begin PBXFrameworksBuildPhase section */
		340949D41C23270500C0146C /* Frameworks */ = {
			isa = PBXFrameworksBuildPhase;
			buildActionMask = 2147483647;
			files = (
			);
			runOnlyForDeploymentPostprocessing = 0;
		};
/* End PBXFrameworksBuildPhase section */

/* Begin PBXGroup section */
		340949CE1C23270500C0146C = {
			isa = PBXGroup;
			children = (
				340949D91C23270500C0146C /* mixfont */,
				340949D81C23270500C0146C /* Products */,
			);
			sourceTree = "<group>";
		};
		340949D81C23270500C0146C /* Products */ = {
			isa = PBXGroup;
			children = (
				340949D71C23270500C0146C /* mixfont.app */,
			);
			name = Products;
			sourceTree = "<group>";
		};
		340949D91C23270500C0146C /* mixfont */ = {
			isa = PBXGroup;
			children = (
				340949DA1C23270500C0146C /* AppDelegate.swift */,
				340949DC1C23270500C0146C /* ViewController.swift */,
				340949DE1C23270500C0146C /* Main.storyboard */,
				340949E11C23270500C0146C /* Assets.xcassets */,
				340949E31C23270500C0146C /* LaunchScreen.storyboard */,
				340949E61C23270500C0146C /* Info.plist */,
			);
			path = mixfont;
			sourceTree = "<group>";
		};
/* End PBXGroup section */

/* Begin PBXNativeTarget section */
		340949D61C23270500C0146C /* mixfont */ = {
			isa = PBXNativeTarget;
			buildConfigurationList = 340949E91C23270500C0146C /* Build configuration list for PBXNativeTarget "mixfont" */;
			buildPhases = (
				340949D31C23270500C0146C /* Sources */,
				340949D41C23270500C0146C /* Frameworks */,
				340949D51C23270500C0146C /* Resources */,
			);
			buildRules = (
			);
			dependencies = (
			);
			name = mixfont;
			productName = mixfont;
			productReference = 340949D71C23270500C0146C /* mixfont.app */;
			productType = "com.apple.product-type.application";
		};
/* End PBXNativeTarget section */

/* Begin PBXProject section */
		340949CF1C23270500C0146C /* Project object */ = {
			isa = PBXProject;
			attributes = {
				LastSwiftUpdateCheck = 0720;
				LastUpgradeCheck = 0720;
				ORGANIZATIONNAME = usagimaru;
				TargetAttributes = {
					340949D61C23270500C0146C = {
						CreatedOnToolsVersion = 7.2;
					};
				};
			};
			buildConfigurationList = 340949D21C23270500C0146C /* Build configuration list for PBXProject "mixfont" */;
			compatibilityVersion = "Xcode 3.2";
			developmentRegion = English;
			hasScannedForEncodings = 0;
			knownRegions = (
				en,
				Base,
			);
			mainGroup = 340949CE1C23270500C0146C;
			productRefGroup = 340949D81C23270500C0146C /* Products */;
			projectDirPath = "";
			projectRoot = "";
			targets = (
				340949D61C23270500C0146C /* mixfont */,
			);
		};
/* End PBXProject section */

/* Begin PBXResourcesBuildPhase section */
		340949D51C23270500C0146C /* Resources */ = {
			isa = PBXResourcesBuildPhase;
			buildActionMask = 2147483647;
			files = (
				340949E51C23270500C0146C /* LaunchScreen.storyboard in Resources */,
				340949E21C23270500C0146C /* Assets.xcassets in Resources */,
				340949E01C23270500C0146C /* Main.storyboard in Resources */,
			);
			runOnlyForDeploymentPostprocessing = 0;
		};
/* End PBXResourcesBuildPhase section */

/* Begin PBXSourcesBuildPhase section */
		340949D31C23270500C0146C /* Sources */ = {
			isa = PBXSourcesBuildPhase;
			buildActionMask = 2147483647;
			files = (
				340949DD1C23270500C0146C /* ViewController.swift in Sources */,
				340949DB1C23270500C0146C /* AppDelegate.swift in Sources */,
			);
			runOnlyForDeploymentPostprocessing = 0;
		};
/* End PBXSourcesBuildPhase section */

/* Begin PBXVariantGroup section */
		340949DE1C23270500C0146C /* Main.storyboard */ = {
			isa = PBXVariantGroup;
			children = (
				340949DF1C23270500C0146C /* Base */,
			);
			name = Main.storyboard;
			sourceTree = "<group>";
		};
		340949E31C23270500C0146C /* LaunchScreen.storyboard */ = {
			isa = PBXVariantGroup;
			children = (
				340949E41C23270500C0146C /* Base */,
			);
			name = LaunchScreen.storyboard;
			sourceTree = "<group>";
		};
/* End PBXVariantGroup section */

/* Begin XCBuildConfiguration section */
		340949E71C23270500C0146C /* Debug */ = {
			isa = XCBuildConfiguration;
			buildSettings = {
				ALWAYS_SEARCH_USER_PATHS = NO;
				CLANG_CXX_LANGUAGE_STANDARD = "gnu++0x";
				CLANG_CXX_LIBRARY = "libc++";
				CLANG_ENABLE_MODULES = YES;
				CLANG_ENABLE_OBJC_ARC = YES;
				CLANG_WARN_BOOL_CONVERSION = YES;
				CLANG_WARN_CONSTANT_CONVERSION = YES;
				CLANG_WARN_DIRECT_OBJC_ISA_USAGE = YES_ERROR;
				CLANG_WARN_EMPTY_BODY = YES;
				CLANG_WARN_ENUM_CONVERSION = YES;
				CLANG_WARN_INT_CONVERSION = YES;
				CLANG_WARN_OBJC_ROOT_CLASS = YES_ERROR;
				CLANG_WARN_UNREACHABLE_CODE = YES;
				CLANG_WARN__DUPLICATE_METHOD_MATCH = YES;
				"CODE_SIGN_IDENTITY[sdk=iphoneos*]" = "iPhone Developer";
				COPY_PHASE_STRIP = NO;
				DEBUG_INFORMATION_FORMAT = dwarf;
				ENABLE_STRICT_OBJC_MSGSEND = YES;
				ENABLE_TESTABILITY = YES;
				GCC_C_LANGUAGE_STANDARD = gnu99;
				GCC_DYNAMIC_NO_PIC = NO;
				GCC_NO_COMMON_BLOCKS = YES;
				GCC_OPTIMIZATION_LEVEL = 0;
				GCC_PREPROCESSOR_DEFINITIONS = (
					"DEBUG=1",
					"$(inherited)",
				);
				GCC_WARN_64_TO_32_BIT_CONVERSION = YES;
				GCC_WARN_ABOUT_RETURN_TYPE = YES_ERROR;
				GCC_WARN_UNDECLARED_SELECTOR = YES;
				GCC_WARN_UNINITIALIZED_AUTOS = YES_AGGRESSIVE;
				GCC_WARN_UNUSED_FUNCTION = YES;
				GCC_WARN_UNUSED_VARIABLE = YES;
				IPHONEOS_DEPLOYMENT_TARGET = 8.0;
				MTL_ENABLE_DEBUG_INFO = YES;
				ONLY_ACTIVE_ARCH = YES;
				SDKROOT = iphoneos;
				SWIFT_OPTIMIZATION_LEVEL = "-Onone";
			};
			name = Debug;
		};
		340949E81C23270500C0146C /* Release */ = {
			isa = XCBuildConfiguration;
			buildSettings = {
				ALWAYS_SEARCH_USER_PATHS = NO;
				CLANG_CXX_LANGUAGE_STANDARD = "gnu++0x";
				CLANG_CXX_LIBRARY = "libc++";
				CLANG_ENABLE_MODULES = YES;
				CLANG_ENABLE_OBJC_ARC = YES;
				CLANG_WARN_BOOL_CONVERSION = YES;
				CLANG_WARN_CONSTANT_CONVERSION = YES;
				CLANG_WARN_DIRECT_OBJC_ISA_USAGE = YES_ERROR;
				CLANG_WARN_EMPTY_BODY = YES;
				CLANG_WARN_ENUM_CONVERSION = YES;
				CLANG_WARN_INT_CONVERSION = YES;
				CLANG_WARN_OBJC_ROOT_CLASS = YES_ERROR;
				CLANG_WARN_UNREACHABLE_CODE = YES;
				CLANG_WARN__DUPLICATE_METHOD_MATCH = YES;
				"CODE_SIGN_IDENTITY[sdk=iphoneos*]" = "iPhone Developer";
				COPY_PHASE_STRIP = NO;
				DEBUG_INFORMATION_FORMAT = "dwarf-with-dsym";
				ENABLE_NS_ASSERTIONS = NO;
				ENABLE_STRICT_OBJC_MSGSEND = YES;
				GCC_C_LANGUAGE_STANDARD = gnu99;
				GCC_NO_COMMON_BLOCKS = YES;
				GCC_WARN_64_TO_32_BIT_CONVERSION = YES;
				GCC_WARN_ABOUT_RETURN_TYPE = YES_ERROR;
				GCC_WARN_UNDECLARED_SELECTOR = YES;
				GCC_WARN_UNINITIALIZED_AUTOS = YES_AGGRESSIVE;
				GCC_WARN_UNUSED_FUNCTION = YES;
				GCC_WARN_UNUSED_VARIABLE = YES;
				IPHONEOS_DEPLOYMENT_TARGET = 8.0;
				MTL_ENABLE_DEBUG_INFO = NO;
				SDKROOT = iphoneos;
				VALIDATE_PRODUCT = YES;
			};
			name = Release;
		};
		340949EA1C23270500C0146C /* Debug */ = {
			isa = XCBuildConfiguration;
			buildSettings = {
				ASSETCATALOG_COMPILER_APPICON_NAME = AppIcon;
				INFOPLIST_FILE = mixfont/Info.plist;
				IPHONEOS_DEPLOYMENT_TARGET = 8.0;
				LD_RUNPATH_SEARCH_PATHS = "$(inherited) @executable_path/Frameworks";
				PRODUCT_BUNDLE_IDENTIFIER = jp.usagimaru.mixfont;
				PRODUCT_NAME = "$(TARGET_NAME)";
			};
			name = Debug;
		};
		340949EB1C23270500C0146C /* Release */ = {
			isa = XCBuildConfiguration;
			buildSettings = {
				ASSETCATALOG_COMPILER_APPICON_NAME = AppIcon;
				INFOPLIST_FILE = mixfont/Info.plist;
				IPHONEOS_DEPLOYMENT_TARGET = 8.0;
				LD_RUNPATH_SEARCH_PATHS = "$(inherited) @executable_path/Frameworks";
				PRODUCT_BUNDLE_IDENTIFIER = jp.usagimaru.mixfont;
				PRODUCT_NAME = "$(TARGET_NAME)";
			};
			name = Release;
		};
/* End XCBuildConfiguration section */

/* Begin XCConfigurationList section */
		340949D21C23270500C0146C /* Build configuration list for PBXProject "mixfont" */ = {
			isa = XCConfigurationList;
			buildConfigurations = (
				340949E71C23270500C0146C /* Debug */,
				340949E81C23270500C0146C /* Release */,
			);
			defaultConfigurationIsVisible = 0;
			defaultConfigurationName = Release;
		};
		340949E91C23270500C0146C /* Build configuration list for PBXNativeTarget "mixfont" */ = {
			isa = XCConfigurationList;
			buildConfigurations = (
				340949EA1C23270500C0146C /* Debug */,
				340949EB1C23270500C0146C /* Release */,
			);
			defaultConfigurationIsVisible = 0;
		};
/* End XCConfigurationList section */
	};
	rootObject = 340949CF1C23270500C0146C /* Project object */;
}
